
Microsoft Visual Studio Solution File, Format Version 12.00
# Visual Studio Version 17
VisualStudioVersion = 17.3.32929.385
MinimumVisualStudioVersion = 10.0.40219.1
Project("{FAE04EC0-301F-11D3-BF4B-00C04F79EFBC}") = "umsbt", "umsbt.csproj", "{0A31233A-7B29-4FE8-A937-5B6FA9279930}"
EndProject
Global
	GlobalSection(SolutionConfigurationPlatforms) = preSolution
		Debug|Any CPU = Debug|Any CPU
		Release|Any CPU = Release|Any CPU
	EndGlobalSection
	GlobalSection(ProjectConfigurationPlatforms) = postSolution
		{0A31233A-7B29-4FE8-A937-5B6FA9279930}.Debug|Any CPU.ActiveCfg = Debug|Any CPU
		{0A31233A-7B29-4FE8-A937-5B6FA9279930}.Debug|Any CPU.Build.0 = Debug|Any CPU
		{0A31233A-7B29-4FE8-A937-5B6FA9279930}.Release|Any CPU.ActiveCfg = Release|Any CPU
		{0A31233A-7B29-4FE8-A937-5B6FA9279930}.Release|Any CPU.Build.0 = Release|Any CPU
	EndGlobalSection
	GlobalSection(SolutionProperties) = preSolution
		HideSolutionNode = FALSE
	EndGlobalSection
	GlobalSection(ExtensibilityGlobals) = postSolution
		SolutionGuid = {A9BFD76C-6279-499F-A651-7A28E2E2A92D}
	EndGlobalSection
EndGlobal
